
Microsoft Visual Studio Solution File, Format Version 12.00
# Visual Studio Version 18
VisualStudioVersion = 18.3.11512.155
MinimumVisualStudioVersion = 10.0.40219.1
Project("{FAE04EC0-301F-11D3-BF4B-00C04F79EFBC}") = "Server", "Server\Server.csproj", "{67ED9B7F-46C0-417A-85E1-95C636DBBFA9}"
EndProject
Project("{FAE04EC0-301F-11D3-BF4B-00C04F79EFBC}") = "DebugWindowsClient", "DebugWindowsClient\DebugWindowsClient.csproj", "{3BA30E0A-667D-8563-8983-CC411B017B15}"
EndProject
Project("{FAE04EC0-301F-11D3-BF4B-00C04F79EFBC}") = "WindowsClient", "WindowsClient\WindowsClient.csproj", "{2ACC1D62-E63C-403E-B522-F60CB0C5C5E8}"
EndProject
Global
	GlobalSection(SolutionConfigurationPlatforms) = preSolution
		Debug|Any CPU = Debug|Any CPU
		Release|Any CPU = Release|Any CPU
	EndGlobalSection
	GlobalSection(ProjectConfigurationPlatforms) = postSolution
		{67ED9B7F-46C0-417A-85E1-95C636DBBFA9}.Debug|Any CPU.ActiveCfg = Debug|Any CPU
		{67ED9B7F-46C0-417A-85E1-95C636DBBFA9}.Debug|Any CPU.Build.0 = Debug|Any CPU
		{67ED9B7F-46C0-417A-85E1-95C636DBBFA9}.Release|Any CPU.ActiveCfg = Release|Any CPU
		{67ED9B7F-46C0-417A-85E1-95C636DBBFA9}.Release|Any CPU.Build.0 = Release|Any CPU
		{3BA30E0A-667D-8563-8983-CC411B017B15}.Debug|Any CPU.ActiveCfg = Debug|Any CPU
		{3BA30E0A-667D-8563-8983-CC411B017B15}.Debug|Any CPU.Build.0 = Debug|Any CPU
		{3BA30E0A-667D-8563-8983-CC411B017B15}.Release|Any CPU.ActiveCfg = Release|Any CPU
		{3BA30E0A-667D-8563-8983-CC411B017B15}.Release|Any CPU.Build.0 = Release|Any CPU
		{2ACC1D62-E63C-403E-B522-F60CB0C5C5E8}.Debug|Any CPU.ActiveCfg = Debug|Any CPU
		{2ACC1D62-E63C-403E-B522-F60CB0C5C5E8}.Debug|Any CPU.Build.0 = Debug|Any CPU
		{2ACC1D62-E63C-403E-B522-F60CB0C5C5E8}.Release|Any CPU.ActiveCfg = Release|Any CPU
		{2ACC1D62-E63C-403E-B522-F60CB0C5C5E8}.Release|Any CPU.Build.0 = Release|Any CPU
	EndGlobalSection
	GlobalSection(SolutionProperties) = preSolution
		HideSolutionNode = FALSE
	EndGlobalSection
	GlobalSection(ExtensibilityGlobals) = postSolution
		SolutionGuid = {CB1C678C-1E10-421F-A504-A97327FCEE3E}
	EndGlobalSection
EndGlobal
